
Microsoft Visual Studio Solution File, Format Version 12.00
# Visual Studio Version 16
VisualStudioVersion = 16.0.810.11
MinimumVisualStudioVersion = 10.0.40219.1
Project("{9A19103F-16F7-4668-BE54-9A1E7A4F7556}") = "MasterDataRedeSocial", "MasterDataRedeSocial.csproj", "{1D8A01BD-F9ED-4BF6-BCB4-3C086C5924F3}"
EndProject
Project("{9A19103F-16F7-4668-BE54-9A1E7A4F7556}") = "MasterDataRedeSocialTests", "..\MasterDataRedeSocialTests\MasterDataRedeSocialTests.csproj", "{519D8288-9EA1-4A02-B29A-6569CCEF1225}"
EndProject
Global
	GlobalSection(SolutionConfigurationPlatforms) = preSolution
		Debug|Any CPU = Debug|Any CPU
		Release|Any CPU = Release|Any CPU
	EndGlobalSection
	GlobalSection(ProjectConfigurationPlatforms) = postSolution
		{1D8A01BD-F9ED-4BF6-BCB4-3C086C5924F3}.Debug|Any CPU.ActiveCfg = Debug|Any CPU
		{1D8A01BD-F9ED-4BF6-BCB4-3C086C5924F3}.Debug|Any CPU.Build.0 = Debug|Any CPU
		{1D8A01BD-F9ED-4BF6-BCB4-3C086C5924F3}.Release|Any CPU.ActiveCfg = Release|Any CPU
		{1D8A01BD-F9ED-4BF6-BCB4-3C086C5924F3}.Release|Any CPU.Build.0 = Release|Any CPU
		{519D8288-9EA1-4A02-B29A-6569CCEF1225}.Debug|Any CPU.ActiveCfg = Debug|Any CPU
		{519D8288-9EA1-4A02-B29A-6569CCEF1225}.Debug|Any CPU.Build.0 = Debug|Any CPU
		{519D8288-9EA1-4A02-B29A-6569CCEF1225}.Release|Any CPU.ActiveCfg = Release|Any CPU
		{519D8288-9EA1-4A02-B29A-6569CCEF1225}.Release|Any CPU.Build.0 = Release|Any CPU
	EndGlobalSection
	GlobalSection(SolutionProperties) = preSolution
		HideSolutionNode = FALSE
	EndGlobalSection
	GlobalSection(ExtensibilityGlobals) = postSolution
		SolutionGuid = {95DA4489-E97F-43A6-886B-F6D275B13478}
	EndGlobalSection
EndGlobal
