{
  "name": "21s5_3na_74",
  "lockfileVersion": 2,
  "requires": true,
  "packages": {
    "": {
      "dependencies": {
        "@three-ts/orbit-controls": "^1.4.7",
        "threex": "^1.0.0",
        "webgl-obj-loader": "^2.0.8"
      }
    },
    "node_modules/@three-ts/orbit-controls": {
      "version": "1.4.7",
      "resolved": "https://registry.npmjs.org/@three-ts/orbit-controls/-/orbit-controls-1.4.7.tgz",
      "integrity": "sha512-1OVZnc2VTHCoHberL50LBbltjnqVpOBhmuJwKPqzn6sThQwvVU1E13cpuJ2SWWOMoMLF+4hE3ICi4KHsZA/CJw==",
      "dependencies": {
        "three": "^0.126.1"
      }
    },
    "node_modules/three": {
      "version": "0.126.1",
      "resolved": "https://registry.npmjs.org/three/-/three-0.126.1.tgz",
      "integrity": "sha512-eOEXnZeE1FDV0XgL1u08auIP13jxdN9LQBAEmlErYzMxtIIfuGIAZbijOyookALUhqVzVOx0Tywj6n192VM+nQ=="
    },
    "node_modules/threex": {
      "version": "1.0.0",
      "resolved": "https://registry.npmjs.org/threex/-/threex-1.0.0.tgz",
      "integrity": "sha1-yFBX1Rm/IBQQumRBjOSIp4z2Dso="
    },
    "node_modules/webgl-obj-loader": {
      "version": "2.0.8",
      "resolved": "https://registry.npmjs.org/webgl-obj-loader/-/webgl-obj-loader-2.0.8.tgz",
      "integrity": "sha512-5QoPMU437sJ5k/x9Z4ZJt/V0vQD7gNsPv38EwAhUbm9L85VPWK6RN88aI1KlbBGz8cj3OCkcLqqQcahZTy78QQ=="
    }
  },
  "dependencies": {
    "@three-ts/orbit-controls": {
      "version": "1.4.7",
      "resolved": "https://registry.npmjs.org/@three-ts/orbit-controls/-/orbit-controls-1.4.7.tgz",
      "integrity": "sha512-1OVZnc2VTHCoHberL50LBbltjnqVpOBhmuJwKPqzn6sThQwvVU1E13cpuJ2SWWOMoMLF+4hE3ICi4KHsZA/CJw==",
      "requires": {
        "three": "^0.126.1"
      }
    },
    "three": {
      "version": "0.126.1",
      "resolved": "https://registry.npmjs.org/three/-/three-0.126.1.tgz",
      "integrity": "sha512-eOEXnZeE1FDV0XgL1u08auIP13jxdN9LQBAEmlErYzMxtIIfuGIAZbijOyookALUhqVzVOx0Tywj6n192VM+nQ=="
    },
    "threex": {
      "version": "1.0.0",
      "resolved": "https://registry.npmjs.org/threex/-/threex-1.0.0.tgz",
      "integrity": "sha1-yFBX1Rm/IBQQumRBjOSIp4z2Dso="
    },
    "webgl-obj-loader": {
      "version": "2.0.8",
      "resolved": "https://registry.npmjs.org/webgl-obj-loader/-/webgl-obj-loader-2.0.8.tgz",
      "integrity": "sha512-5QoPMU437sJ5k/x9Z4ZJt/V0vQD7gNsPv38EwAhUbm9L85VPWK6RN88aI1KlbBGz8cj3OCkcLqqQcahZTy78QQ=="
    }
  }
}
